
Microsoft Visual Studio Solution File, Format Version 12.00
# Visual Studio 15
VisualStudioVersion = 15.0.28307.779
MinimumVisualStudioVersion = 10.0.40219.1
Project("{FAE04EC0-301F-11D3-BF4B-00C04F79EFBC}") = "InventoryManager.Android", "InventoryManager\InventoryManager.Android\InventoryManager.Android.csproj", "{F2DD4C42-F461-4F2B-A944-4B7158EF44EF}"
EndProject
Project("{FAE04EC0-301F-11D3-BF4B-00C04F79EFBC}") = "InventoryManager", "InventoryManager\InventoryManager\InventoryManager.csproj", "{FDFCCDC9-178C-47F8-B59C-E3AABAB64804}"
EndProject
Global
	GlobalSection(SolutionConfigurationPlatforms) = preSolution
		Debug|Any CPU = Debug|Any CPU
		Release|Any CPU = Release|Any CPU
	EndGlobalSection
	GlobalSection(ProjectConfigurationPlatforms) = postSolution
		{F2DD4C42-F461-4F2B-A944-4B7158EF44EF}.Debug|Any CPU.ActiveCfg = Debug|Any CPU
		{F2DD4C42-F461-4F2B-A944-4B7158EF44EF}.Debug|Any CPU.Build.0 = Debug|Any CPU
		{F2DD4C42-F461-4F2B-A944-4B7158EF44EF}.Debug|Any CPU.Deploy.0 = Debug|Any CPU
		{F2DD4C42-F461-4F2B-A944-4B7158EF44EF}.Release|Any CPU.ActiveCfg = Release|Any CPU
		{F2DD4C42-F461-4F2B-A944-4B7158EF44EF}.Release|Any CPU.Build.0 = Release|Any CPU
		{F2DD4C42-F461-4F2B-A944-4B7158EF44EF}.Release|Any CPU.Deploy.0 = Release|Any CPU
		{FDFCCDC9-178C-47F8-B59C-E3AABAB64804}.Debug|Any CPU.ActiveCfg = Debug|Any CPU
		{FDFCCDC9-178C-47F8-B59C-E3AABAB64804}.Debug|Any CPU.Build.0 = Debug|Any CPU
		{FDFCCDC9-178C-47F8-B59C-E3AABAB64804}.Debug|Any CPU.Deploy.0 = Debug|Any CPU
		{FDFCCDC9-178C-47F8-B59C-E3AABAB64804}.Release|Any CPU.ActiveCfg = Release|Any CPU
		{FDFCCDC9-178C-47F8-B59C-E3AABAB64804}.Release|Any CPU.Build.0 = Release|Any CPU
		{FDFCCDC9-178C-47F8-B59C-E3AABAB64804}.Release|Any CPU.Deploy.0 = Release|Any CPU
	EndGlobalSection
	GlobalSection(SolutionProperties) = preSolution
		HideSolutionNode = FALSE
	EndGlobalSection
	GlobalSection(ExtensibilityGlobals) = postSolution
		SolutionGuid = {4D41B0DF-2DE7-438E-A5BF-1E7265FF1190}
	EndGlobalSection
EndGlobal
